github.com/OneOfOne/xxhash v1.2.2/go.mod h1:HSdplMjZKSmBqAxg5vPj2TmRDmfkzw+cTzAElWljhcU=
github.com/cespare/xxhash v1.1.0 h1:a6HrQnmkObjyL+Gs60czilIUGqrzKutQD6XZog3p+ko=
github.com/cespare/xxhash v1.1.0/go.mod h1:XrSqR1VqqWfGrhpAt58auRo0WTKS1nRRg3ghfAqPWnc=
github.com/myfantasy/ints v0.0.4 h1:r8CJxGqCf2zyp3qSeNOJ3sOIG3oE53EBoL5pfBIqwSM=
github.com/myfantasy/ints v0.0.4/go.mod h1:ZvZU0wCRZFtgWw01GAtr7he7j7XFFZh3+d0A3gqt1Qc=
github.com/myfantasy/ints v0.0.5 h1:4K3+YgcqAbSWBl1AJ0tc+sedpQG2xFWIbkFm5bGtug8=
github.com/myfantasy/ints v0.0.5/go.mod h1:ZvZU0wCRZFtgWw01GAtr7he7j7XFFZh3+d0A3gqt1Qc=
github.com/myfantasy/ints v0.0.6 h1:rTIxG8faZFH85Fo9C5LDDqA++q0pfPEYwvPoSYKQhho=
github.com/myfantasy/ints v0.0.6/go.mod h1:ZvZU0wCRZFtgWw01GAtr7he7j7XFFZh3+d0A3gqt1Qc=
github.com/myfantasy/ints v0.0.7 h1:YXIoLH9EjQ/lUFh/cG/QmkekhpLi841SetZ1fG9XNhE=
github.com/myfantasy/ints v0.0.7/go.mod h1:ZvZU0wCRZFtgWw01GAtr7he7j7XFFZh3+d0A3gqt1Qc=
github.com/myfantasy/ints v0.0.9 h1:dveRfR7hwapL/R7s1a3AVs6wciNIWUkp6HamkNF31lU=
github.com/myfantasy/ints v0.0.9/go.mod h1:ZvZU0wCRZFtgWw01GAtr7he7j7XFFZh3+d0A3gqt1Qc=
github.com/spaolacci/murmur3 v0.0.0-20180118202830-f09979ecbc72/go.mod h1:JwIasOWyU6f++ZhiEuf87xNszmSA2myDM2Kzu9HwQUA=
golang.org/x/exp v0.0.0-20240103183307-be819d1f06fc h1:ao2WRsKSzW6KuUY9IWPwWahcHCgR0s52IfwutMfEbdM=
golang.org/x/exp v0.0.0-20240103183307-be819d1f06fc/go.mod h1:iRJReGqOEeBhDZGkGbynYwcHlctCvnjTYIamk7uXpHI=
